
Microsoft Visual Studio Solution File, Format Version 12.00
# Visual Studio Version 17
VisualStudioVersion = 17.13.35931.197
MinimumVisualStudioVersion = 10.0.40219.1
Project("{FAE04EC0-301F-11D3-BF4B-00C04F79EFBC}") = "ExemploConsumer", "ExemploConsumer\ExemploConsumer.csproj", "{01588E9F-EF4B-039E-6B40-6D45F7B48CB7}"
EndProject
Global
	GlobalSection(SolutionConfigurationPlatforms) = preSolution
		Debug|Any CPU = Debug|Any CPU
		Release|Any CPU = Release|Any CPU
	EndGlobalSection
	GlobalSection(ProjectConfigurationPlatforms) = postSolution
		{01588E9F-EF4B-039E-6B40-6D45F7B48CB7}.Debug|Any CPU.ActiveCfg = Debug|Any CPU
		{01588E9F-EF4B-039E-6B40-6D45F7B48CB7}.Debug|Any CPU.Build.0 = Debug|Any CPU
		{01588E9F-EF4B-039E-6B40-6D45F7B48CB7}.Release|Any CPU.ActiveCfg = Release|Any CPU
		{01588E9F-EF4B-039E-6B40-6D45F7B48CB7}.Release|Any CPU.Build.0 = Release|Any CPU
	EndGlobalSection
	GlobalSection(SolutionProperties) = preSolution
		HideSolutionNode = FALSE
	EndGlobalSection
	GlobalSection(ExtensibilityGlobals) = postSolution
		SolutionGuid = {30324F85-3222-4A37-A044-8045ECFD62E6}
	EndGlobalSection
EndGlobal
